<?xml version="1.0" encoding="utf-8"?>
<Project ToolsVersion="4.0" xmlns="http://schemas.microsoft.com/developer/msbuild/2003">
  <ItemGroup>
    <Filter Include="Pliki źródłowe">
      <UniqueIdentifier>{4FC737F1-C7A5-4376-A066-2A32D752A2FF}</UniqueIdentifier>
      <Extensions>cpp;c;cc;cxx;def;odl;idl;hpj;bat;asm;asmx</Extensions>
    </Filter>
    <Filter Include="Pliki nagłówkowe">
      <UniqueIdentifier>{93995380-89BD-4b04-88EB-625FBE52EBFB}</UniqueIdentifier>
      <Extensions>h;hh;hpp;hxx;hm;inl;inc;ipp;xsd</Extensions>
    </Filter>
    <Filter Include="Pliki zasobów">
      <UniqueIdentifier>{67DA6AB6-F800-4c08-8B7A-83BB121AAD01}</UniqueIdentifier>
      <Extensions>rc;ico;cur;bmp;dlg;rc2;rct;bin;rgs;gif;jpg;jpeg;jpe;resx;tiff;tif;png;wav;mfcribbon-ms</Extensions>
    </Filter>
    <Filter Include="Pliki nagłówkowe\World">
      <UniqueIdentifier>{c517c741-315d-44a4-adc8-5c55f34c2cb9}</UniqueIdentifier>
    </Filter>
    <Filter Include="Pliki nagłówkowe\Misc">
      <UniqueIdentifier>{a583d70c-ed2a-4379-b0b1-050b4652011d}</UniqueIdentifier>
    </Filter>
    <Filter Include="Pliki źródłowe\World">
      <UniqueIdentifier>{72368af4-5e77-40fc-9960-8c84d5355014}</UniqueIdentifier>
    </Filter>
    <Filter Include="Pliki źródłowe\Misc">
      <UniqueIdentifier>{c5c277de-8252-4d6f-a7b6-82dd03579263}</UniqueIdentifier>
    </Filter>
    <Filter Include="Pliki nagłówkowe\WorldComponents">
      <UniqueIdentifier>{ca284dd4-82ab-4c9f-b5dd-69636b720e11}</UniqueIdentifier>
    </Filter>
    <Filter Include="Pliki źródłowe\WorldComponents">
      <UniqueIdentifier>{ab9d0c3e-bddb-455d-b6bc-b330d5bd05f9}</UniqueIdentifier>
    </Filter>
    <Filter Include="Pliki źródłowe\WorldComponents\Structures">
      <UniqueIdentifier>{b1a2208d-fa8a-44f9-8fb7-7aab76b6ad5d}</UniqueIdentifier>
    </Filter>
  </ItemGroup>
  <ItemGroup>
    <ClInclude Include="include\framework.h">
      <Filter>Pliki nagłówkowe\Misc</Filter>
    </ClInclude>
    <ClInclude Include="include\KRandom.h">
      <Filter>Pliki nagłówkowe\Misc</Filter>
    </ClInclude>
    <ClInclude Include="include\pch.h">
      <Filter>Pliki nagłówkowe\Misc</Filter>
    </ClInclude>
    <ClInclude Include="include\World.h">
      <Filter>Pliki nagłówkowe\World</Filter>
    </ClInclude>
    <ClInclude Include="include\WorldComponent.h">
      <Filter>Pliki nagłówkowe\World</Filter>
    </ClInclude>
    <ClInclude Include="include\Vector2.h">
      <Filter>Pliki nagłówkowe\Misc</Filter>
    </ClInclude>
    <ClInclude Include="include\Action.h">
      <Filter>Pliki nagłówkowe\Misc</Filter>
    </ClInclude>
    <ClInclude Include="include\ActionHandler.h">
      <Filter>Pliki nagłówkowe\Misc</Filter>
    </ClInclude>
    <ClInclude Include="include\ActionProcedure.h">
      <Filter>Pliki nagłówkowe\Misc</Filter>
    </ClInclude>
    <ClInclude Include="include\ActionType.h">
      <Filter>Pliki nagłówkowe\Misc</Filter>
    </ClInclude>
    <ClInclude Include="include\Destructable.h">
      <Filter>Pliki nagłówkowe\Misc</Filter>
    </ClInclude>
    <ClInclude Include="include\Iron.h">
      <Filter>Pliki nagłówkowe\WorldComponents</Filter>
    </ClInclude>
    <ClInclude Include="include\Ore.h">
      <Filter>Pliki nagłówkowe\WorldComponents</Filter>
    </ClInclude>
  </ItemGroup>
  <ItemGroup>
    <ClCompile Include="src\Iron.cpp">
      <Filter>Pliki źródłowe\WorldComponents</Filter>
    </ClCompile>
    <ClCompile Include="src\MarsColonyEngine.cpp">
      <Filter>Pliki źródłowe</Filter>
    </ClCompile>
    <ClCompile Include="src\pch.cpp">
      <Filter>Pliki źródłowe\Misc</Filter>
    </ClCompile>
    <ClCompile Include="src\World.cpp">
      <Filter>Pliki źródłowe\World</Filter>
    </ClCompile>
    <ClCompile Include="src\WorldComponent.cpp">
      <Filter>Pliki źródłowe\World</Filter>
    </ClCompile>
    <ClCompile Include="src\Action.cpp">
      <Filter>Pliki źródłowe\Misc</Filter>
    </ClCompile>
    <ClCompile Include="src\ActionHandler.cpp">
      <Filter>Pliki źródłowe\Misc</Filter>
    </ClCompile>
    <ClCompile Include="src\ActionProcedure.cpp">
      <Filter>Pliki źródłowe\Misc</Filter>
    </ClCompile>
    <ClCompile Include="src\Ore.cpp">
      <Filter>Pliki źródłowe\WorldComponents</Filter>
    </ClCompile>
    <ClCompile Include="src\Vector2.cpp">
      <Filter>Pliki źródłowe\Misc</Filter>
    </ClCompile>
  </ItemGroup>
</Project>